# This file is autogenerated, do not edit; changes may be undone by the next 'dep ensure'.


[[projects]]
  branch = "master"
  name = "github.com/alexcesaro/log"
  packages = [".","golog"]
  revision = "61e686294e58a8698a9e1091268bb4ac1116bd5e"

[[projects]]
  branch = "master"
  name = "github.com/howeyc/gopass"
  packages = ["."]
  revision = "bf9dde6d0d2c004a008c27aaee91170c786f6db8"

[[projects]]
  name = "github.com/jessevdk/go-flags"
  packages = ["."]
  revision = "96dc06278ce32a0e9d957d590bb987c81ee66407"
  version = "v1.3.0"

[[projects]]
  branch = "master"
  name = "github.com/shazow/rateio"
  packages = ["."]
  revision = "e8e00881e5c12090412414be41c04ca9c8a71106"

[[projects]]
  branch = "master"
  name = "golang.org/x/crypto"
  packages = ["curve25519","ed25519","ed25519/internal/edwards25519","internal/chacha20","poly1305","ssh","ssh/terminal"]
  revision = "ee41a25c63fb5b74abf2213abb6dee3751e6ac4a"

[[projects]]
  branch = "master"
  name = "golang.org/x/sys"
  packages = ["unix","windows"]
  revision = "2c42eef0765b9837fbdab12011af7830f55f88f0"

[solve-meta]
  analyzer-name = "dep"
  analyzer-version = 1
  inputs-digest = "48a7f7477a28e61efdd4256fe7f426bfaf93df53b5731e905088c0e9c2f10d3b"
  solver-name = "gps-cdcl"
  solver-version = 1
